// !$*UTF8*$!
{
	archiveVersion = 1;
	classes = {
	};
	objectVersion = 56;
	objects = {

/* Begin PBXBuildFile section */
		A1234567890ABCDE1 /* WheelerGamepadDriver.cpp in Sources */ = {isa = PBXBuildFile; fileRef = A1234567890ABCDE0 /* WheelerGamepadDriver.cpp */; };
		A1234567890ABCDE3 /* WheelerGamepadDriver.h in Headers */ = {isa = PBXBuildFile; fileRef = A1234567890ABCDE2 /* WheelerGamepadDriver.h */; };
/* End PBXBuildFile section */

/* Begin PBXFileReference section */
		A1234567890ABCDE0 /* WheelerGamepadDriver.cpp */ = {isa = PBXFileReference; lastKnownFileType = sourcecode.cpp.cpp; path = WheelerGamepadDriver.cpp; sourceTree = "<group>"; };
		A1234567890ABCDE2 /* WheelerGamepadDriver.h */ = {isa = PBXFileReference; lastKnownFileType = sourcecode.c.h; path = WheelerGamepadDriver.h; sourceTree = "<group>"; };
		A1234567890ABCDE4 /* Info.plist */ = {isa = PBXFileReference; lastKnownFileType = text.plist.xml; path = Info.plist; sourceTree = "<group>"; };
		A1234567890ABCDE5 /* WheelerGamepadDriver.entitlements */ = {isa = PBXFileReference; lastKnownFileType = text.plist.entitlements; path = WheelerGamepadDriver.entitlements; sourceTree = "<group>"; };
		A1234567890ABCDE6 /* WheelerGamepadDriver.dext */ = {isa = PBXFileReference; explicitFileType = "wrapper.driver-extension"; includeInIndex = 0; path = WheelerGamepadDriver.dext; sourceTree = BUILT_PRODUCTS_DIR; };
/* End PBXFileReference section */

/* Begin PBXFrameworksBuildPhase section */
		A1234567890ABCDE7 /* Frameworks */ = {
			isa = PBXFrameworksBuildPhase;
			buildActionMask = 2147483647;
			files = (
			);
			runOnlyForDeploymentPostprocessing = 0;
		};
/* End PBXFrameworksBuildPhase section */

/* Begin PBXGroup section */
		A1234567890ABCDE8 = {
			isa = PBXGroup;
			children = (
				A1234567890ABCDE9 /* WheelerGamepadDriver */,
				A1234567890ABCDEA /* Products */,
			);
			sourceTree = "<group>";
		};
		A1234567890ABCDE9 /* WheelerGamepadDriver */ = {
			isa = PBXGroup;
			children = (
				A1234567890ABCDE0 /* WheelerGamepadDriver.cpp */,
				A1234567890ABCDE2 /* WheelerGamepadDriver.h */,
				A1234567890ABCDE4 /* Info.plist */,
				A1234567890ABCDE5 /* WheelerGamepadDriver.entitlements */,
			);
			path = WheelerGamepadDriver;
			sourceTree = "<group>";
		};
		A1234567890ABCDEA /* Products */ = {
			isa = PBXGroup;
			children = (
				A1234567890ABCDE6 /* WheelerGamepadDriver.dext */,
			);
			name = Products;
			sourceTree = "<group>";
		};
/* End PBXGroup section */

/* Begin PBXHeadersBuildPhase section */
		A1234567890ABCDEB /* Headers */ = {
			isa = PBXHeadersBuildPhase;
			buildActionMask = 2147483647;
			files = (
				A1234567890ABCDE3 /* WheelerGamepadDriver.h in Headers */,
			);
			runOnlyForDeploymentPostprocessing = 0;
		};
/* End PBXHeadersBuildPhase section */

/* Begin PBXNativeTarget section */
		A1234567890ABCDEC /* WheelerGamepadDriver */ = {
			isa = PBXNativeTarget;
			buildConfigurationList = A1234567890ABCDEF /* Build configuration list for PBXNativeTarget "WheelerGamepadDriver" */;
			buildPhases = (
				A1234567890ABCDEB /* Headers */,
				A1234567890ABCDED /* Sources */,
				A1234567890ABCDE7 /* Frameworks */,
			);
			buildRules = (
			);
			dependencies = (
			);
			name = WheelerGamepadDriver;
			productName = WheelerGamepadDriver;
			productReference = A1234567890ABCDE6 /* WheelerGamepadDriver.dext */;
			productType = "com.apple.product-type.driver-extension";
		};
/* End PBXNativeTarget section */

/* Begin PBXProject section */
		A1234567890ABCDEE /* Project object */ = {
			isa = PBXProject;
			attributes = {
				BuildIndependentTargetsInParallel = 1;
				LastUpgradeCheck = 1500;
				TargetAttributes = {
					A1234567890ABCDEC = {
						CreatedOnToolsVersion = 15.0;
					};
				};
			};
			buildConfigurationList = A1234567890ABCDF1 /* Build configuration list for PBXProject "WheelerGamepadDriver" */;
			compatibilityVersion = "Xcode 14.0";
			developmentRegion = en;
			hasScannedForEncodings = 0;
			knownRegions = (
				en,
				Base,
			);
			mainGroup = A1234567890ABCDE8;
			productRefGroup = A1234567890ABCDEA /* Products */;
			projectDirPath = "";
			projectRoot = "";
			targets = (
				A1234567890ABCDEC /* WheelerGamepadDriver */,
			);
		};
/* End PBXProject section */

/* Begin PBXSourcesBuildPhase section */
		A1234567890ABCDED /* Sources */ = {
			isa = PBXSourcesBuildPhase;
			buildActionMask = 2147483647;
			files = (
				A1234567890ABCDE1 /* WheelerGamepadDriver.cpp in Sources */,
			);
			runOnlyForDeploymentPostprocessing = 0;
		};
/* End PBXSourcesBuildPhase section */

/* Begin XCBuildConfiguration section */
		A1234567890ABCDF0 /* Debug */ = {
			isa = XCBuildConfiguration;
			buildSettings = {
				ALWAYS_SEARCH_USER_PATHS = NO;
				ASSETCATALOG_COMPILER_GENERATE_SWIFT_ASSET_SYMBOL_EXTENSIONS = YES;
				CLANG_ANALYZER_NONNULL = YES;
				CLANG_ANALYZER_NUMBER_OBJECT_CONVERSION = YES_AGGRESSIVE;
				CLANG_CXX_LANGUAGE_STANDARD = "gnu++20";
				CLANG_ENABLE_MODULES = YES;
				CLANG_ENABLE_OBJC_ARC = YES;
				CLANG_ENABLE_OBJC_WEAK = YES;
				CLANG_WARN_BLOCK_CAPTURE_AUTORELEASING = YES;
				CLANG_WARN_BOOL_CONVERSION = YES;
				CLANG_WARN_COMMA = YES;
				CLANG_WARN_CONSTANT_CONVERSION = YES;
				CLANG_WARN_DEPRECATED_OBJC_IMPLEMENTATIONS = YES;
				CLANG_WARN_DIRECT_OBJC_ISA_USAGE = YES_ERROR;
				CLANG_WARN_DOCUMENTATION_COMMENTS = YES;
				CLANG_WARN_EMPTY_BODY = YES;
				CLANG_WARN_ENUM_CONVERSION = YES;
				CLANG_WARN_INFINITE_RECURSION = YES;
				CLANG_WARN_INT_CONVERSION = YES;
				CLANG_WARN_NON_LITERAL_NULL_CONVERSION = YES;
				CLANG_WARN_OBJC_IMPLICIT_RETAIN_SELF = YES;
				CLANG_WARN_OBJC_LITERAL_CONVERSION = YES;
				CLANG_WARN_OBJC_ROOT_CLASS = YES_ERROR;
				CLANG_WARN_QUOTED_INCLUDE_IN_FRAMEWORK_HEADER = YES;
				CLANG_WARN_RANGE_LOOP_ANALYSIS = YES;
				CLANG_WARN_STRICT_PROTOTYPES = YES;
				CLANG_WARN_SUSPICIOUS_MOVE = YES;
				CLANG_WARN_UNGUARDED_AVAILABILITY = YES_AGGRESSIVE;
				CLANG_WARN_UNREACHABLE_CODE = YES;
				CLANG_WARN__DUPLICATE_METHOD_MATCH = YES;
				COPY_PHASE_STRIP = NO;
				DEBUG_INFORMATION_FORMAT = dwarf;
				ENABLE_STRICT_OBJC_MSGSEND = YES;
				ENABLE_TESTABILITY = YES;
				ENABLE_USER_SCRIPT_SANDBOXING = YES;
				GCC_C_LANGUAGE_STANDARD = gnu17;
				GCC_DYNAMIC_NO_PIC = NO;
				GCC_NO_COMMON_BLOCKS = YES;
				GCC_OPTIMIZATION_LEVEL = 0;
				GCC_PREPROCESSOR_DEFINITIONS = (
					"DEBUG=1",
					"$(inherited)",
				);
				GCC_WARN_64_TO_32_BIT_CONVERSION = YES;
				GCC_WARN_ABOUT_RETURN_TYPE = YES_ERROR;
				GCC_WARN_UNDECLARED_SELECTOR = YES;
				GCC_WARN_UNINITIALIZED_AUTOS = YES_AGGRESSIVE;
				GCC_WARN_UNUSED_FUNCTION = YES;
				GCC_WARN_UNUSED_VARIABLE = YES;
				MACOSX_DEPLOYMENT_TARGET = 10.15;
				MTL_ENABLE_DEBUG_INFO = INCLUDE_SOURCE;
				MTL_FAST_MATH = YES;
				ONLY_ACTIVE_ARCH = YES;
				SDKROOT = driverkit;
			};
			name = Debug;
		};
		A1234567890ABCDF2 /* Release */ = {
			isa = XCBuildConfiguration;
			buildSettings = {
				ALWAYS_SEARCH_USER_PATHS = NO;
				ASSETCATALOG_COMPILER_GENERATE_SWIFT_ASSET_SYMBOL_EXTENSIONS = YES;
				CLANG_ANALYZER_NONNULL = YES;
				CLANG_ANALYZER_NUMBER_OBJECT_CONVERSION = YES_AGGRESSIVE;
				CLANG_CXX_LANGUAGE_STANDARD = "gnu++20";
				CLANG_ENABLE_MODULES = YES;
				CLANG_ENABLE_OBJC_ARC = YES;
				CLANG_ENABLE_OBJC_WEAK = YES;
				CLANG_WARN_BLOCK_CAPTURE_AUTORELEASING = YES;
				CLANG_WARN_BOOL_CONVERSION = YES;
				CLANG_WARN_COMMA = YES;
				CLANG_WARN_CONSTANT_CONVERSION = YES;
				CLANG_WARN_DEPRECATED_OBJC_IMPLEMENTATIONS = YES;
				CLANG_WARN_DIRECT_OBJC_ISA_USAGE = YES_ERROR;
				CLANG_WARN_DOCUMENTATION_COMMENTS = YES;
				CLANG_WARN_EMPTY_BODY = YES;
				CLANG_WARN_ENUM_CONVERSION = YES;
				CLANG_WARN_INFINITE_RECURSION = YES;
				CLANG_WARN_INT_CONVERSION = YES;
				CLANG_WARN_NON_LITERAL_NULL_CONVERSION = YES;
				CLANG_WARN_OBJC_IMPLICIT_RETAIN_SELF = YES;
				CLANG_WARN_OBJC_LITERAL_CONVERSION = YES;
				CLANG_WARN_OBJC_ROOT_CLASS = YES_ERROR;
				CLANG_WARN_QUOTED_INCLUDE_IN_FRAMEWORK_HEADER = YES;
				CLANG_WARN_RANGE_LOOP_ANALYSIS = YES;
				CLANG_WARN_STRICT_PROTOTYPES = YES;
				CLANG_WARN_SUSPICIOUS_MOVE = YES;
				CLANG_WARN_UNGUARDED_AVAILABILITY = YES_AGGRESSIVE;
				CLANG_WARN_UNREACHABLE_CODE = YES;
				CLANG_WARN__DUPLICATE_METHOD_MATCH = YES;
				COPY_PHASE_STRIP = NO;
				DEBUG_INFORMATION_FORMAT = "dwarf-with-dsym";
				ENABLE_NS_ASSERTIONS = NO;
				ENABLE_STRICT_OBJC_MSGSEND = YES;
				ENABLE_USER_SCRIPT_SANDBOXING = YES;
				GCC_C_LANGUAGE_STANDARD = gnu17;
				GCC_NO_COMMON_BLOCKS = YES;
				GCC_WARN_64_TO_32_BIT_CONVERSION = YES;
				GCC_WARN_ABOUT_RETURN_TYPE = YES_ERROR;
				GCC_WARN_UNDECLARED_SELECTOR = YES;
				GCC_WARN_UNINITIALIZED_AUTOS = YES_AGGRESSIVE;
				GCC_WARN_UNUSED_FUNCTION = YES;
				GCC_WARN_UNUSED_VARIABLE = YES;
				MACOSX_DEPLOYMENT_TARGET = 10.15;
				MTL_ENABLE_DEBUG_INFO = NO;
				MTL_FAST_MATH = YES;
				SDKROOT = driverkit;
			};
			name = Release;
		};
		A1234567890ABCDF3 /* Debug */ = {
			isa = XCBuildConfiguration;
			buildSettings = {
				CODE_SIGN_ENTITLEMENTS = WheelerGamepadDriver/WheelerGamepadDriver.entitlements;
				CODE_SIGN_STYLE = Automatic;
				CURRENT_PROJECT_VERSION = 1;
				DRIVERKIT_DEPLOYMENT_TARGET = 19.0;
				GENERATE_INFOPLIST_FILE = NO;
				INFOPLIST_FILE = WheelerGamepadDriver/Info.plist;
				INFOPLIST_KEY_CFBundleDisplayName = "Wheeler Gamepad Driver";
				INFOPLIST_KEY_IOKitPersonalities_WheelerGamepadDriver_CFBundleIdentifier = "$(PRODUCT_BUNDLE_IDENTIFIER)";
				INFOPLIST_KEY_IOKitPersonalities_WheelerGamepadDriver_IOClass = WheelerGamepadDriver;
				INFOPLIST_KEY_IOKitPersonalities_WheelerGamepadDriver_IOMatchCategory = IODefaultMatchCategory;
				INFOPLIST_KEY_IOKitPersonalities_WheelerGamepadDriver_IOProviderClass = IOService;
				INFOPLIST_KEY_IOKitPersonalities_WheelerGamepadDriver_IOUserClass = WheelerGamepadDriverUserClient;
				MARKETING_VERSION = 1.0;
				MODULE_NAME = com.wheeler.gamepad.driver;
				MODULE_VERSION = 1.0;
				PRODUCT_BUNDLE_IDENTIFIER = com.wheeler.gamepad.driver;
				PRODUCT_NAME = "$(TARGET_NAME)";
				SKIP_INSTALL = YES;
			};
			name = Debug;
		};
		A1234567890ABCDF4 /* Release */ = {
			isa = XCBuildConfiguration;
			buildSettings = {
				CODE_SIGN_ENTITLEMENTS = WheelerGamepadDriver/WheelerGamepadDriver.entitlements;
				CODE_SIGN_STYLE = Automatic;
				CURRENT_PROJECT_VERSION = 1;
				DRIVERKIT_DEPLOYMENT_TARGET = 19.0;
				GENERATE_INFOPLIST_FILE = NO;
				INFOPLIST_FILE = WheelerGamepadDriver/Info.plist;
				INFOPLIST_KEY_CFBundleDisplayName = "Wheeler Gamepad Driver";
				INFOPLIST_KEY_IOKitPersonalities_WheelerGamepadDriver_CFBundleIdentifier = "$(PRODUCT_BUNDLE_IDENTIFIER)";
				INFOPLIST_KEY_IOKitPersonalities_WheelerGamepadDriver_IOClass = WheelerGamepadDriver;
				INFOPLIST_KEY_IOKitPersonalities_WheelerGamepadDriver_IOMatchCategory = IODefaultMatchCategory;
				INFOPLIST_KEY_IOKitPersonalities_WheelerGamepadDriver_IOProviderClass = IOService;
				INFOPLIST_KEY_IOKitPersonalities_WheelerGamepadDriver_IOUserClass = WheelerGamepadDriverUserClient;
				MARKETING_VERSION = 1.0;
				MODULE_NAME = com.wheeler.gamepad.driver;
				MODULE_VERSION = 1.0;
				PRODUCT_BUNDLE_IDENTIFIER = com.wheeler.gamepad.driver;
				PRODUCT_NAME = "$(TARGET_NAME)";
				SKIP_INSTALL = YES;
			};
			name = Release;
		};
/* End XCBuildConfiguration section */

/* Begin XCConfigurationList section */
		A1234567890ABCDEF /* Build configuration list for PBXNativeTarget "WheelerGamepadDriver" */ = {
			isa = XCConfigurationList;
			buildConfigurations = (
				A1234567890ABCDF3 /* Debug */,
				A1234567890ABCDF4 /* Release */,
			);
			defaultConfigurationIsVisible = 0;
			defaultConfigurationName = Release;
		};
		A1234567890ABCDF1 /* Build configuration list for PBXProject "WheelerGamepadDriver" */ = {
			isa = XCConfigurationList;
			buildConfigurations = (
				A1234567890ABCDF0 /* Debug */,
				A1234567890ABCDF2 /* Release */,
			);
			defaultConfigurationIsVisible = 0;
			defaultConfigurationName = Release;
		};
/* End XCConfigurationList section */
	};
	rootObject = A1234567890ABCDEE /* Project object */;
}